// !$*UTF8*$!
{
	archiveVersion = 1;
	classes = {
	};
	objectVersion = 77;
	objects = {

/* Begin PBXBuildFile section */
		AA21DCFD2F7C368E00B3C92C /* CarbuNow---Prix-Du-Carburant-Info.plist in Resources */ = {isa = PBXBuildFile; fileRef = AAFCF6882F6C938000AF3CB2 /* CarbuNow---Prix-Du-Carburant-Info.plist */; };
		AAFD855C2F7C2D4000C9F1BB /* CarbuNow-WatchApp Watch App.app in Embed Watch Content */ = {isa = PBXBuildFile; fileRef = AAFD85522F7C2D3E00C9F1BB /* CarbuNow-WatchApp Watch App.app */; settings = {ATTRIBUTES = (RemoveHeadersOnCopy, ); }; };
/* End PBXBuildFile section */

/* Begin PBXContainerItemProxy section */
		AAFD855A2F7C2D4000C9F1BB /* PBXContainerItemProxy */ = {
			isa = PBXContainerItemProxy;
			containerPortal = AAB4A03A2F6703630085C8CF /* Project object */;
			proxyType = 1;
			remoteGlobalIDString = AAFD85512F7C2D3E00C9F1BB;
			remoteInfo = "CarbuNow-WatchApp Watch App";
		};
/* End PBXContainerItemProxy section */

/* Begin PBXCopyFilesBuildPhase section */
		AAFD855D2F7C2D4000C9F1BB /* Embed Watch Content */ = {
			isa = PBXCopyFilesBuildPhase;
			buildActionMask = 2147483647;
			dstPath = "$(CONTENTS_FOLDER_PATH)/Watch";
			dstSubfolderSpec = 16;
			files = (
				AAFD855C2F7C2D4000C9F1BB /* CarbuNow-WatchApp Watch App.app in Embed Watch Content */,
			);
			name = "Embed Watch Content";
			runOnlyForDeploymentPostprocessing = 0;
		};
/* End PBXCopyFilesBuildPhase section */

/* Begin PBXFileReference section */
		AAB4A0422F6703630085C8CF /* CarbuNow - Prix Du Carburant.app */ = {isa = PBXFileReference; explicitFileType = wrapper.application; includeInIndex = 0; path = "CarbuNow - Prix Du Carburant.app"; sourceTree = BUILT_PRODUCTS_DIR; };
		AAFCF6872F6C867F00AF3CB2 /* CarbuNow - Prix Du Carburant.entitlements */ = {isa = PBXFileReference; lastKnownFileType = text.plist.entitlements; path = "CarbuNow - Prix Du Carburant.entitlements"; sourceTree = "<group>"; };
		AAFCF6882F6C938000AF3CB2 /* CarbuNow---Prix-Du-Carburant-Info.plist */ = {isa = PBXFileReference; lastKnownFileType = text.plist; path = "CarbuNow---Prix-Du-Carburant-Info.plist"; sourceTree = "<group>"; };
		AAFD85522F7C2D3E00C9F1BB /* CarbuNow-WatchApp Watch App.app */ = {isa = PBXFileReference; explicitFileType = wrapper.application; includeInIndex = 0; path = "CarbuNow-WatchApp Watch App.app"; sourceTree = BUILT_PRODUCTS_DIR; };
/* End PBXFileReference section */

/* Begin PBXFileSystemSynchronizedBuildFileExceptionSet section */
		AA21DD192F7C368F00B3C92C /* Exceptions for "CarbuNow" folder in "CarbuNow-WatchApp Watch App" target */ = {
			isa = PBXFileSystemSynchronizedBuildFileExceptionSet;
			membershipExceptions = (
				Models/FuelPrice.swift,
				Models/FuelPriceHistoryPoint.swift,
				Models/FuelRupture.swift,
				Models/FuelStation.swift,
				Models/FuelType.swift,
				Models/StationIssueType.swift,
			);
			target = AAFD85512F7C2D3E00C9F1BB /* CarbuNow-WatchApp Watch App */;
		};
		AA21DD212F7C4E6600B3C92C /* Exceptions for "CarbuNow-WatchApp Watch App" folder in "CarbuNow - Prix Du Carburant" target */ = {
			isa = PBXFileSystemSynchronizedBuildFileExceptionSet;
			membershipExceptions = (
				Services/WatchConnectivityBridge.swift,
				SharedDefaults.swift,
			);
			target = AAB4A0412F6703630085C8CF /* CarbuNow - Prix Du Carburant */;
		};
/* End PBXFileSystemSynchronizedBuildFileExceptionSet section */

/* Begin PBXFileSystemSynchronizedRootGroup section */
		AAB4A0442F6703630085C8CF /* CarbuNow */ = {
			isa = PBXFileSystemSynchronizedRootGroup;
			exceptions = (
				AA21DD192F7C368F00B3C92C /* Exceptions for "CarbuNow" folder in "CarbuNow-WatchApp Watch App" target */,
			);
			path = CarbuNow;
			sourceTree = "<group>";
		};
		AAFD85532F7C2D3E00C9F1BB /* CarbuNow-WatchApp Watch App */ = {
			isa = PBXFileSystemSynchronizedRootGroup;
			exceptions = (
				AA21DD212F7C4E6600B3C92C /* Exceptions for "CarbuNow-WatchApp Watch App" folder in "CarbuNow - Prix Du Carburant" target */,
			);
			path = "CarbuNow-WatchApp Watch App";
			sourceTree = "<group>";
		};
/* End PBXFileSystemSynchronizedRootGroup section */

/* Begin PBXFrameworksBuildPhase section */
		AAB4A03F2F6703630085C8CF /* Frameworks */ = {
			isa = PBXFrameworksBuildPhase;
			buildActionMask = 2147483647;
			files = (
			);
			runOnlyForDeploymentPostprocessing = 0;
		};
		AAFD854F2F7C2D3E00C9F1BB /* Frameworks */ = {
			isa = PBXFrameworksBuildPhase;
			buildActionMask = 2147483647;
			files = (
			);
			runOnlyForDeploymentPostprocessing = 0;
		};
/* End PBXFrameworksBuildPhase section */

/* Begin PBXGroup section */
		AAB4A0392F6703630085C8CF = {
			isa = PBXGroup;
			children = (
				AAFCF6882F6C938000AF3CB2 /* CarbuNow---Prix-Du-Carburant-Info.plist */,
				AAFCF6872F6C867F00AF3CB2 /* CarbuNow - Prix Du Carburant.entitlements */,
				AAB4A0442F6703630085C8CF /* CarbuNow */,
				AAFD85532F7C2D3E00C9F1BB /* CarbuNow-WatchApp Watch App */,
				AAB4A0432F6703630085C8CF /* Products */,
			);
			sourceTree = "<group>";
		};
		AAB4A0432F6703630085C8CF /* Products */ = {
			isa = PBXGroup;
			children = (
				AAB4A0422F6703630085C8CF /* CarbuNow - Prix Du Carburant.app */,
				AAFD85522F7C2D3E00C9F1BB /* CarbuNow-WatchApp Watch App.app */,
			);
			name = Products;
			sourceTree = "<group>";
		};
/* End PBXGroup section */

/* Begin PBXNativeTarget section */
		AAB4A0412F6703630085C8CF /* CarbuNow - Prix Du Carburant */ = {
			isa = PBXNativeTarget;
			buildConfigurationList = AAB4A04D2F6703650085C8CF /* Build configuration list for PBXNativeTarget "CarbuNow - Prix Du Carburant" */;
			buildPhases = (
				AAB4A03E2F6703630085C8CF /* Sources */,
				AAB4A03F2F6703630085C8CF /* Frameworks */,
				AAB4A0402F6703630085C8CF /* Resources */,
				AAFD855D2F7C2D4000C9F1BB /* Embed Watch Content */,
			);
			buildRules = (
			);
			dependencies = (
				AAFD855B2F7C2D4000C9F1BB /* PBXTargetDependency */,
			);
			fileSystemSynchronizedGroups = (
				AAB4A0442F6703630085C8CF /* CarbuNow */,
			);
			name = "CarbuNow - Prix Du Carburant";
			packageProductDependencies = (
			);
			productName = CarbuNow;
			productReference = AAB4A0422F6703630085C8CF /* CarbuNow - Prix Du Carburant.app */;
			productType = "com.apple.product-type.application";
		};
		AAFD85512F7C2D3E00C9F1BB /* CarbuNow-WatchApp Watch App */ = {
			isa = PBXNativeTarget;
			buildConfigurationList = AAFD85602F7C2D4000C9F1BB /* Build configuration list for PBXNativeTarget "CarbuNow-WatchApp Watch App" */;
			buildPhases = (
				AAFD854E2F7C2D3E00C9F1BB /* Sources */,
				AAFD854F2F7C2D3E00C9F1BB /* Frameworks */,
				AAFD85502F7C2D3E00C9F1BB /* Resources */,
			);
			buildRules = (
			);
			dependencies = (
			);
			fileSystemSynchronizedGroups = (
				AAFD85532F7C2D3E00C9F1BB /* CarbuNow-WatchApp Watch App */,
			);
			name = "CarbuNow-WatchApp Watch App";
			packageProductDependencies = (
			);
			productName = "CarbuNow-WatchApp Watch App";
			productReference = AAFD85522F7C2D3E00C9F1BB /* CarbuNow-WatchApp Watch App.app */;
			productType = "com.apple.product-type.application";
		};
/* End PBXNativeTarget section */

/* Begin PBXProject section */
		AAB4A03A2F6703630085C8CF /* Project object */ = {
			isa = PBXProject;
			attributes = {
				BuildIndependentTargetsInParallel = 1;
				LastSwiftUpdateCheck = 2630;
				LastUpgradeCheck = 2640;
				TargetAttributes = {
					AAB4A0412F6703630085C8CF = {
						CreatedOnToolsVersion = 26.3;
					};
					AAFD85512F7C2D3E00C9F1BB = {
						CreatedOnToolsVersion = 26.3;
					};
				};
			};
			buildConfigurationList = AAB4A03D2F6703630085C8CF /* Build configuration list for PBXProject "CarbuNow" */;
			developmentRegion = fr;
			hasScannedForEncodings = 0;
			knownRegions = (
				en,
				Base,
				fr,
			);
			mainGroup = AAB4A0392F6703630085C8CF;
			minimizedProjectReferenceProxies = 1;
			preferredProjectObjectVersion = 77;
			productRefGroup = AAB4A0432F6703630085C8CF /* Products */;
			projectDirPath = "";
			projectRoot = "";
			targets = (
				AAB4A0412F6703630085C8CF /* CarbuNow - Prix Du Carburant */,
				AAFD85512F7C2D3E00C9F1BB /* CarbuNow-WatchApp Watch App */,
			);
		};
/* End PBXProject section */

/* Begin PBXResourcesBuildPhase section */
		AAB4A0402F6703630085C8CF /* Resources */ = {
			isa = PBXResourcesBuildPhase;
			buildActionMask = 2147483647;
			files = (
			);
			runOnlyForDeploymentPostprocessing = 0;
		};
		AAFD85502F7C2D3E00C9F1BB /* Resources */ = {
			isa = PBXResourcesBuildPhase;
			buildActionMask = 2147483647;
			files = (
				AA21DCFD2F7C368E00B3C92C /* CarbuNow---Prix-Du-Carburant-Info.plist in Resources */,
			);
			runOnlyForDeploymentPostprocessing = 0;
		};
/* End PBXResourcesBuildPhase section */

/* Begin PBXSourcesBuildPhase section */
		AAB4A03E2F6703630085C8CF /* Sources */ = {
			isa = PBXSourcesBuildPhase;
			buildActionMask = 2147483647;
			files = (
			);
			runOnlyForDeploymentPostprocessing = 0;
		};
		AAFD854E2F7C2D3E00C9F1BB /* Sources */ = {
			isa = PBXSourcesBuildPhase;
			buildActionMask = 2147483647;
			files = (
			);
			runOnlyForDeploymentPostprocessing = 0;
		};
/* End PBXSourcesBuildPhase section */

/* Begin PBXTargetDependency section */
		AAFD855B2F7C2D4000C9F1BB /* PBXTargetDependency */ = {
			isa = PBXTargetDependency;
			target = AAFD85512F7C2D3E00C9F1BB /* CarbuNow-WatchApp Watch App */;
			targetProxy = AAFD855A2F7C2D4000C9F1BB /* PBXContainerItemProxy */;
		};
/* End PBXTargetDependency section */

/* Begin XCBuildConfiguration section */
		AAB4A04B2F6703650085C8CF /* Debug */ = {
			isa = XCBuildConfiguration;
			buildSettings = {
				ALWAYS_SEARCH_USER_PATHS = NO;
				ASSETCATALOG_COMPILER_GENERATE_SWIFT_ASSET_SYMBOL_EXTENSIONS = YES;
				CLANG_ANALYZER_LOCALIZABILITY_NONLOCALIZED = YES;
				CLANG_ANALYZER_NONNULL = YES;
				CLANG_ANALYZER_NUMBER_OBJECT_CONVERSION = YES_AGGRESSIVE;
				CLANG_CXX_LANGUAGE_STANDARD = "gnu++20";
				CLANG_ENABLE_MODULES = YES;
				CLANG_ENABLE_OBJC_ARC = YES;
				CLANG_ENABLE_OBJC_WEAK = YES;
				CLANG_WARN_BLOCK_CAPTURE_AUTORELEASING = YES;
				CLANG_WARN_BOOL_CONVERSION = YES;
				CLANG_WARN_COMMA = YES;
				CLANG_WARN_CONSTANT_CONVERSION = YES;
				CLANG_WARN_DEPRECATED_OBJC_IMPLEMENTATIONS = YES;
				CLANG_WARN_DIRECT_OBJC_ISA_USAGE = YES_ERROR;
				CLANG_WARN_DOCUMENTATION_COMMENTS = YES;
				CLANG_WARN_EMPTY_BODY = YES;
				CLANG_WARN_ENUM_CONVERSION = YES;
				CLANG_WARN_INFINITE_RECURSION = YES;
				CLANG_WARN_INT_CONVERSION = YES;
				CLANG_WARN_NON_LITERAL_NULL_CONVERSION = YES;
				CLANG_WARN_OBJC_IMPLICIT_RETAIN_SELF = YES;
				CLANG_WARN_OBJC_LITERAL_CONVERSION = YES;
				CLANG_WARN_OBJC_ROOT_CLASS = YES_ERROR;
				CLANG_WARN_QUOTED_INCLUDE_IN_FRAMEWORK_HEADER = YES;
				CLANG_WARN_RANGE_LOOP_ANALYSIS = YES;
				CLANG_WARN_STRICT_PROTOTYPES = YES;
				CLANG_WARN_SUSPICIOUS_MOVE = YES;
				CLANG_WARN_UNGUARDED_AVAILABILITY = YES_AGGRESSIVE;
				CLANG_WARN_UNREACHABLE_CODE = YES;
				CLANG_WARN__DUPLICATE_METHOD_MATCH = YES;
				COPY_PHASE_STRIP = NO;
				DEBUG_INFORMATION_FORMAT = dwarf;
				DEVELOPMENT_TEAM = M4S92V6PCK;
				ENABLE_STRICT_OBJC_MSGSEND = YES;
				ENABLE_TESTABILITY = YES;
				ENABLE_USER_SCRIPT_SANDBOXING = YES;
				GCC_C_LANGUAGE_STANDARD = gnu17;
				GCC_DYNAMIC_NO_PIC = NO;
				GCC_NO_COMMON_BLOCKS = YES;
				GCC_OPTIMIZATION_LEVEL = 0;
				GCC_PREPROCESSOR_DEFINITIONS = (
					"DEBUG=1",
					"$(inherited)",
				);
				GCC_WARN_64_TO_32_BIT_CONVERSION = YES;
				GCC_WARN_ABOUT_RETURN_TYPE = YES_ERROR;
				GCC_WARN_UNDECLARED_SELECTOR = YES;
				GCC_WARN_UNINITIALIZED_AUTOS = YES_AGGRESSIVE;
				GCC_WARN_UNUSED_FUNCTION = YES;
				GCC_WARN_UNUSED_VARIABLE = YES;
				IPHONEOS_DEPLOYMENT_TARGET = 26.2;
				LOCALIZATION_PREFERS_STRING_CATALOGS = YES;
				MTL_ENABLE_DEBUG_INFO = INCLUDE_SOURCE;
				MTL_FAST_MATH = YES;
				ONLY_ACTIVE_ARCH = YES;
				SDKROOT = iphoneos;
				STRING_CATALOG_GENERATE_SYMBOLS = YES;
				SWIFT_ACTIVE_COMPILATION_CONDITIONS = "DEBUG $(inherited)";
				SWIFT_OPTIMIZATION_LEVEL = "-Onone";
			};
			name = Debug;
		};
		AAB4A04C2F6703650085C8CF /* Release */ = {
			isa = XCBuildConfiguration;
			buildSettings = {
				ALWAYS_SEARCH_USER_PATHS = NO;
				ASSETCATALOG_COMPILER_GENERATE_SWIFT_ASSET_SYMBOL_EXTENSIONS = YES;
				CLANG_ANALYZER_LOCALIZABILITY_NONLOCALIZED = YES;
				CLANG_ANALYZER_NONNULL = YES;
				CLANG_ANALYZER_NUMBER_OBJECT_CONVERSION = YES_AGGRESSIVE;
				CLANG_CXX_LANGUAGE_STANDARD = "gnu++20";
				CLANG_ENABLE_MODULES = YES;
				CLANG_ENABLE_OBJC_ARC = YES;
				CLANG_ENABLE_OBJC_WEAK = YES;
				CLANG_WARN_BLOCK_CAPTURE_AUTORELEASING = YES;
				CLANG_WARN_BOOL_CONVERSION = YES;
				CLANG_WARN_COMMA = YES;
				CLANG_WARN_CONSTANT_CONVERSION = YES;
				CLANG_WARN_DEPRECATED_OBJC_IMPLEMENTATIONS = YES;
				CLANG_WARN_DIRECT_OBJC_ISA_USAGE = YES_ERROR;
				CLANG_WARN_DOCUMENTATION_COMMENTS = YES;
				CLANG_WARN_EMPTY_BODY = YES;
				CLANG_WARN_ENUM_CONVERSION = YES;
				CLANG_WARN_INFINITE_RECURSION = YES;
				CLANG_WARN_INT_CONVERSION = YES;
				CLANG_WARN_NON_LITERAL_NULL_CONVERSION = YES;
				CLANG_WARN_OBJC_IMPLICIT_RETAIN_SELF = YES;
				CLANG_WARN_OBJC_LITERAL_CONVERSION = YES;
				CLANG_WARN_OBJC_ROOT_CLASS = YES_ERROR;
				CLANG_WARN_QUOTED_INCLUDE_IN_FRAMEWORK_HEADER = YES;
				CLANG_WARN_RANGE_LOOP_ANALYSIS = YES;
				CLANG_WARN_STRICT_PROTOTYPES = YES;
				CLANG_WARN_SUSPICIOUS_MOVE = YES;
				CLANG_WARN_UNGUARDED_AVAILABILITY = YES_AGGRESSIVE;
				CLANG_WARN_UNREACHABLE_CODE = YES;
				CLANG_WARN__DUPLICATE_METHOD_MATCH = YES;
				COPY_PHASE_STRIP = NO;
				DEBUG_INFORMATION_FORMAT = "dwarf-with-dsym";
				DEVELOPMENT_TEAM = M4S92V6PCK;
				ENABLE_NS_ASSERTIONS = NO;
				ENABLE_STRICT_OBJC_MSGSEND = YES;
				ENABLE_USER_SCRIPT_SANDBOXING = YES;
				GCC_C_LANGUAGE_STANDARD = gnu17;
				GCC_NO_COMMON_BLOCKS = YES;
				GCC_WARN_64_TO_32_BIT_CONVERSION = YES;
				GCC_WARN_ABOUT_RETURN_TYPE = YES_ERROR;
				GCC_WARN_UNDECLARED_SELECTOR = YES;
				GCC_WARN_UNINITIALIZED_AUTOS = YES_AGGRESSIVE;
				GCC_WARN_UNUSED_FUNCTION = YES;
				GCC_WARN_UNUSED_VARIABLE = YES;
				IPHONEOS_DEPLOYMENT_TARGET = 26.2;
				LOCALIZATION_PREFERS_STRING_CATALOGS = YES;
				MTL_ENABLE_DEBUG_INFO = NO;
				MTL_FAST_MATH = YES;
				SDKROOT = iphoneos;
				STRING_CATALOG_GENERATE_SYMBOLS = YES;
				SWIFT_COMPILATION_MODE = wholemodule;
				VALIDATE_PRODUCT = YES;
			};
			name = Release;
		};
		AAB4A04E2F6703650085C8CF /* Debug */ = {
			isa = XCBuildConfiguration;
			buildSettings = {
				ASSETCATALOG_COMPILER_APPICON_NAME = AppIcon;
				ASSETCATALOG_COMPILER_GLOBAL_ACCENT_COLOR_NAME = AccentColor;
				ASSETCATALOG_COMPILER_INCLUDE_ALL_APPICON_ASSETS = YES;
				CODE_SIGN_ENTITLEMENTS = "CarbuNow - Prix Du Carburant.entitlements";
				CODE_SIGN_STYLE = Automatic;
				CURRENT_PROJECT_VERSION = 45;
				DEVELOPMENT_TEAM = M4S92V6PCK;
				ENABLE_PREVIEWS = YES;
				GENERATE_INFOPLIST_FILE = YES;
				INFOPLIST_FILE = "CarbuNow---Prix-Du-Carburant-Info.plist";
				INFOPLIST_KEY_CFBundleDisplayName = CarbuNow;
				INFOPLIST_KEY_ITSAppUsesNonExemptEncryption = NO;
				INFOPLIST_KEY_LSApplicationCategoryType = "public.app-category.navigation";
				INFOPLIST_KEY_NSLocationWhenInUseUsageDescription = "CarbuNow utilise votre position pour afficher les stations-service autour de vous.";
				INFOPLIST_KEY_UIApplicationSceneManifest_Generation = YES;
				INFOPLIST_KEY_UIApplicationSupportsIndirectInputEvents = YES;
				INFOPLIST_KEY_UILaunchStoryboardName = LaunchScreen;
				INFOPLIST_KEY_UISupportedInterfaceOrientations = UIInterfaceOrientationPortrait;
				IPHONEOS_DEPLOYMENT_TARGET = 17.5;
				LD_RUNPATH_SEARCH_PATHS = (
					"$(inherited)",
					"@executable_path/Frameworks",
				);
				MARKETING_VERSION = 1.14.1;
				PRODUCT_BUNDLE_IDENTIFIER = com.cattarin.CarbuNow;
				PRODUCT_NAME = "$(TARGET_NAME)";
				STRING_CATALOG_GENERATE_SYMBOLS = YES;
				SUPPORTED_PLATFORMS = "iphoneos iphonesimulator";
				SUPPORTS_MACCATALYST = NO;
				SUPPORTS_MAC_DESIGNED_FOR_IPHONE_IPAD = NO;
				SUPPORTS_XR_DESIGNED_FOR_IPHONE_IPAD = NO;
				SWIFT_APPROACHABLE_CONCURRENCY = YES;
				SWIFT_DEFAULT_ACTOR_ISOLATION = MainActor;
				SWIFT_EMIT_LOC_STRINGS = YES;
				SWIFT_UPCOMING_FEATURE_MEMBER_IMPORT_VISIBILITY = YES;
				SWIFT_VERSION = 5.0;
				TARGETED_DEVICE_FAMILY = 1;
			};
			name = Debug;
		};
		AAB4A04F2F6703650085C8CF /* Release */ = {
			isa = XCBuildConfiguration;
			buildSettings = {
				ASSETCATALOG_COMPILER_APPICON_NAME = AppIcon;
				ASSETCATALOG_COMPILER_GLOBAL_ACCENT_COLOR_NAME = AccentColor;
				ASSETCATALOG_COMPILER_INCLUDE_ALL_APPICON_ASSETS = YES;
				CODE_SIGN_ENTITLEMENTS = "CarbuNow - Prix Du Carburant.entitlements";
				CODE_SIGN_STYLE = Automatic;
				CURRENT_PROJECT_VERSION = 45;
				DEVELOPMENT_TEAM = M4S92V6PCK;
				ENABLE_PREVIEWS = YES;
				GENERATE_INFOPLIST_FILE = YES;
				INFOPLIST_FILE = "CarbuNow---Prix-Du-Carburant-Info.plist";
				INFOPLIST_KEY_CFBundleDisplayName = CarbuNow;
				INFOPLIST_KEY_ITSAppUsesNonExemptEncryption = NO;
				INFOPLIST_KEY_LSApplicationCategoryType = "public.app-category.navigation";
				INFOPLIST_KEY_NSLocationWhenInUseUsageDescription = "CarbuNow utilise votre position pour afficher les stations-service autour de vous.";
				INFOPLIST_KEY_UIApplicationSceneManifest_Generation = YES;
				INFOPLIST_KEY_UIApplicationSupportsIndirectInputEvents = YES;
				INFOPLIST_KEY_UILaunchStoryboardName = LaunchScreen;
				INFOPLIST_KEY_UISupportedInterfaceOrientations = UIInterfaceOrientationPortrait;
				IPHONEOS_DEPLOYMENT_TARGET = 17.5;
				LD_RUNPATH_SEARCH_PATHS = (
					"$(inherited)",
					"@executable_path/Frameworks",
				);
				MARKETING_VERSION = 1.14.1;
				PRODUCT_BUNDLE_IDENTIFIER = com.cattarin.CarbuNow;
				PRODUCT_NAME = "$(TARGET_NAME)";
				STRING_CATALOG_GENERATE_SYMBOLS = YES;
				SUPPORTED_PLATFORMS = "iphoneos iphonesimulator";
				SUPPORTS_MACCATALYST = NO;
				SUPPORTS_MAC_DESIGNED_FOR_IPHONE_IPAD = NO;
				SUPPORTS_XR_DESIGNED_FOR_IPHONE_IPAD = NO;
				SWIFT_APPROACHABLE_CONCURRENCY = YES;
				SWIFT_DEFAULT_ACTOR_ISOLATION = MainActor;
				SWIFT_EMIT_LOC_STRINGS = YES;
				SWIFT_UPCOMING_FEATURE_MEMBER_IMPORT_VISIBILITY = YES;
				SWIFT_VERSION = 5.0;
				TARGETED_DEVICE_FAMILY = 1;
			};
			name = Release;
		};
		AAFD855E2F7C2D4000C9F1BB /* Debug */ = {
			isa = XCBuildConfiguration;
			buildSettings = {
				ASSETCATALOG_COMPILER_APPICON_NAME = AppIcon;
				ASSETCATALOG_COMPILER_GLOBAL_ACCENT_COLOR_NAME = AccentColor;
				CODE_SIGN_ENTITLEMENTS = "CarbuNow-WatchApp Watch App/CarbuNow-WatchApp Watch App.entitlements";
				CODE_SIGN_STYLE = Automatic;
				CURRENT_PROJECT_VERSION = 45;
				DEVELOPMENT_TEAM = M4S92V6PCK;
				ENABLE_PREVIEWS = YES;
				GENERATE_INFOPLIST_FILE = YES;
				INFOPLIST_FILE = "CarbuNow-WatchApp-Watch-App-Info.plist";
				INFOPLIST_KEY_CFBundleDisplayName = CarbuNow;
				INFOPLIST_KEY_NSLocationWhenInUseUsageDescription = "CarbuNow utilise votre position pour afficher les stations proches.";
				INFOPLIST_KEY_UISupportedInterfaceOrientations = "UIInterfaceOrientationPortrait UIInterfaceOrientationPortraitUpsideDown";
				INFOPLIST_KEY_WKCompanionAppBundleIdentifier = com.cattarin.CarbuNow;
				INFOPLIST_KEY_WKRunsIndependentlyOfCompanionApp = YES;
				LD_RUNPATH_SEARCH_PATHS = (
					"$(inherited)",
					"@executable_path/Frameworks",
				);
				MARKETING_VERSION = 1.14.1;
				PRODUCT_BUNDLE_IDENTIFIER = com.cattarin.CarbuNow.watchkitapp;
				PRODUCT_NAME = "$(TARGET_NAME)";
				SDKROOT = watchos;
				SKIP_INSTALL = YES;
				STRING_CATALOG_GENERATE_SYMBOLS = YES;
				SWIFT_APPROACHABLE_CONCURRENCY = YES;
				SWIFT_DEFAULT_ACTOR_ISOLATION = MainActor;
				SWIFT_EMIT_LOC_STRINGS = YES;
				SWIFT_UPCOMING_FEATURE_MEMBER_IMPORT_VISIBILITY = YES;
				SWIFT_VERSION = 5.0;
				TARGETED_DEVICE_FAMILY = 4;
				WATCHOS_DEPLOYMENT_TARGET = 26.0;
			};
			name = Debug;
		};
		AAFD855F2F7C2D4000C9F1BB /* Release */ = {
			isa = XCBuildConfiguration;
			buildSettings = {
				ASSETCATALOG_COMPILER_APPICON_NAME = AppIcon;
				ASSETCATALOG_COMPILER_GLOBAL_ACCENT_COLOR_NAME = AccentColor;
				CODE_SIGN_ENTITLEMENTS = "CarbuNow-WatchApp Watch App/CarbuNow-WatchApp Watch App.entitlements";
				CODE_SIGN_STYLE = Automatic;
				CURRENT_PROJECT_VERSION = 45;
				DEVELOPMENT_TEAM = M4S92V6PCK;
				ENABLE_PREVIEWS = YES;
				GENERATE_INFOPLIST_FILE = YES;
				INFOPLIST_FILE = "CarbuNow-WatchApp-Watch-App-Info.plist";
				INFOPLIST_KEY_CFBundleDisplayName = CarbuNow;
				INFOPLIST_KEY_NSLocationWhenInUseUsageDescription = "CarbuNow utilise votre position pour afficher les stations proches.";
				INFOPLIST_KEY_UISupportedInterfaceOrientations = "UIInterfaceOrientationPortrait UIInterfaceOrientationPortraitUpsideDown";
				INFOPLIST_KEY_WKCompanionAppBundleIdentifier = com.cattarin.CarbuNow;
				INFOPLIST_KEY_WKRunsIndependentlyOfCompanionApp = YES;
				LD_RUNPATH_SEARCH_PATHS = (
					"$(inherited)",
					"@executable_path/Frameworks",
				);
				MARKETING_VERSION = 1.14.1;
				PRODUCT_BUNDLE_IDENTIFIER = com.cattarin.CarbuNow.watchkitapp;
				PRODUCT_NAME = "$(TARGET_NAME)";
				SDKROOT = watchos;
				SKIP_INSTALL = YES;
				STRING_CATALOG_GENERATE_SYMBOLS = YES;
				SWIFT_APPROACHABLE_CONCURRENCY = YES;
				SWIFT_DEFAULT_ACTOR_ISOLATION = MainActor;
				SWIFT_EMIT_LOC_STRINGS = YES;
				SWIFT_UPCOMING_FEATURE_MEMBER_IMPORT_VISIBILITY = YES;
				SWIFT_VERSION = 5.0;
				TARGETED_DEVICE_FAMILY = 4;
				WATCHOS_DEPLOYMENT_TARGET = 26.0;
			};
			name = Release;
		};
/* End XCBuildConfiguration section */

/* Begin XCConfigurationList section */
		AAB4A03D2F6703630085C8CF /* Build configuration list for PBXProject "CarbuNow" */ = {
			isa = XCConfigurationList;
			buildConfigurations = (
				AAB4A04B2F6703650085C8CF /* Debug */,
				AAB4A04C2F6703650085C8CF /* Release */,
			);
			defaultConfigurationIsVisible = 0;
			defaultConfigurationName = Release;
		};
		AAB4A04D2F6703650085C8CF /* Build configuration list for PBXNativeTarget "CarbuNow - Prix Du Carburant" */ = {
			isa = XCConfigurationList;
			buildConfigurations = (
				AAB4A04E2F6703650085C8CF /* Debug */,
				AAB4A04F2F6703650085C8CF /* Release */,
			);
			defaultConfigurationIsVisible = 0;
			defaultConfigurationName = Release;
		};
		AAFD85602F7C2D4000C9F1BB /* Build configuration list for PBXNativeTarget "CarbuNow-WatchApp Watch App" */ = {
			isa = XCConfigurationList;
			buildConfigurations = (
				AAFD855E2F7C2D4000C9F1BB /* Debug */,
				AAFD855F2F7C2D4000C9F1BB /* Release */,
			);
			defaultConfigurationIsVisible = 0;
			defaultConfigurationName = Release;
		};
/* End XCConfigurationList section */
	};
	rootObject = AAB4A03A2F6703630085C8CF /* Project object */;
}
